
Microsoft Visual Studio Solution File, Format Version 12.00
# Visual Studio Version 17
VisualStudioVersion = 17.5.33516.290
MinimumVisualStudioVersion = 10.0.40219.1
Project("{9A19103F-16F7-4668-BE54-9A1E7A4F7556}") = "Task18_1_1 Builder", "Task18_1_1\Task18_1_1 Builder.csproj", "{0ACE5E5D-7A74-44A4-A112-7AB3185310D2}"
EndProject
Project("{FAE04EC0-301F-11D3-BF4B-00C04F79EFBC}") = "Task18_1_6 Prototipe", "Task18_1_6\Task18_1_6 Prototipe.csproj", "{FC638099-EAA7-4A41-AEAA-6F75BF78BED2}"
EndProject
Project("{FAE04EC0-301F-11D3-BF4B-00C04F79EFBC}") = "Task18_2_4 Command", "Task18_2_4 Command\Task18_2_4 Command.csproj", "{30FFB976-5C99-474F-B98B-2E9414D9C8A1}"
EndProject
Project("{FAE04EC0-301F-11D3-BF4B-00C04F79EFBC}") = "Task18_3_7", "Task18_3_7\Task18_3_7.csproj", "{1D73F93C-04D9-4A3E-B7B1-17720EE4346D}"
EndProject
Project("{FAE04EC0-301F-11D3-BF4B-00C04F79EFBC}") = "Task18_3_8", "ConsoleApp1\Task18_3_8.csproj", "{0EC27A4B-5FF1-40D4-982E-01875B7803F3}"
EndProject
Global
	GlobalSection(SolutionConfigurationPlatforms) = preSolution
		Debug|Any CPU = Debug|Any CPU
		Release|Any CPU = Release|Any CPU
	EndGlobalSection
	GlobalSection(ProjectConfigurationPlatforms) = postSolution
		{0ACE5E5D-7A74-44A4-A112-7AB3185310D2}.Debug|Any CPU.ActiveCfg = Debug|Any CPU
		{0ACE5E5D-7A74-44A4-A112-7AB3185310D2}.Debug|Any CPU.Build.0 = Debug|Any CPU
		{0ACE5E5D-7A74-44A4-A112-7AB3185310D2}.Release|Any CPU.ActiveCfg = Release|Any CPU
		{0ACE5E5D-7A74-44A4-A112-7AB3185310D2}.Release|Any CPU.Build.0 = Release|Any CPU
		{FC638099-EAA7-4A41-AEAA-6F75BF78BED2}.Debug|Any CPU.ActiveCfg = Debug|Any CPU
		{FC638099-EAA7-4A41-AEAA-6F75BF78BED2}.Debug|Any CPU.Build.0 = Debug|Any CPU
		{FC638099-EAA7-4A41-AEAA-6F75BF78BED2}.Release|Any CPU.ActiveCfg = Release|Any CPU
		{FC638099-EAA7-4A41-AEAA-6F75BF78BED2}.Release|Any CPU.Build.0 = Release|Any CPU
		{30FFB976-5C99-474F-B98B-2E9414D9C8A1}.Debug|Any CPU.ActiveCfg = Debug|Any CPU
		{30FFB976-5C99-474F-B98B-2E9414D9C8A1}.Debug|Any CPU.Build.0 = Debug|Any CPU
		{30FFB976-5C99-474F-B98B-2E9414D9C8A1}.Release|Any CPU.ActiveCfg = Release|Any CPU
		{30FFB976-5C99-474F-B98B-2E9414D9C8A1}.Release|Any CPU.Build.0 = Release|Any CPU
		{1D73F93C-04D9-4A3E-B7B1-17720EE4346D}.Debug|Any CPU.ActiveCfg = Debug|Any CPU
		{1D73F93C-04D9-4A3E-B7B1-17720EE4346D}.Debug|Any CPU.Build.0 = Debug|Any CPU
		{1D73F93C-04D9-4A3E-B7B1-17720EE4346D}.Release|Any CPU.ActiveCfg = Release|Any CPU
		{1D73F93C-04D9-4A3E-B7B1-17720EE4346D}.Release|Any CPU.Build.0 = Release|Any CPU
		{0EC27A4B-5FF1-40D4-982E-01875B7803F3}.Debug|Any CPU.ActiveCfg = Debug|Any CPU
		{0EC27A4B-5FF1-40D4-982E-01875B7803F3}.Debug|Any CPU.Build.0 = Debug|Any CPU
		{0EC27A4B-5FF1-40D4-982E-01875B7803F3}.Release|Any CPU.ActiveCfg = Release|Any CPU
		{0EC27A4B-5FF1-40D4-982E-01875B7803F3}.Release|Any CPU.Build.0 = Release|Any CPU
	EndGlobalSection
	GlobalSection(SolutionProperties) = preSolution
		HideSolutionNode = FALSE
	EndGlobalSection
	GlobalSection(ExtensibilityGlobals) = postSolution
		SolutionGuid = {82CB67D9-D496-4890-9BAA-3D524E64F016}
	EndGlobalSection
EndGlobal
